version = 1
revision = 3
requires-python = ">=3.14"

[[package]]
name = "capital-gains"
version = "0.1.0"
source = { editable = "." }

[package.dev-dependencies]
dev = [
    { name = "mypy" },
    { name = "prek" },
    { name = "pytest" },
    { name = "pytest-cov" },
    { name = "ruff" },
]

[package.metadata]

[package.metadata.requires-dev]
dev = [
    { name = "mypy", specifier = ">=1.18.2" },
    { name = "prek", specifier = ">=0.2.29" },
    { name = "pytest", specifier = ">=8.4.2" },
    { name = "pytest-cov", specifier = ">=7.0.0" },
    { name = "ruff", specifier = ">=0.13.2" },
]

[[package]]
name = "colorama"
version = "0.4.6"
source = { registry = "https://pypi.org/simple" }
sdist = { url = "https://files.pythonhosted.org/packages/d8/53/6f443c9a4a8358a93a6792e2acffb9d9d5cb0a5cfd8802644b7b1c9a02e4/colorama-0.4.6.tar.gz", hash = "sha256:08695f5cb7ed6e0531a20572697297273c47b8cae5a63ffc6d6ed5c201be6e44", size = 27697, upload-time = "2022-10-25T02:36:22.414Z" }
wheels = [
    { url = "https://files.pythonhosted.org/packages/d1/d6/3965ed04c63042e047cb6a3e6ed1a63a35087b6a609aa3a15ed8ac56c221/colorama-0.4.6-py2.py3-none-any.whl", hash = "sha256:4f1d9991f5acc0ca119f9d443620b77f9d6b33703e51011c16baf57afb285fc6", size = 25335, upload-time = "2022-10-25T02:36:20.889Z" },
]

[[package]]
name = "coverage"
version = "7.10.7"
source = { registry = "https://pypi.org/simple" }
sdist = { url = "https://files.pythonhosted.org/packages/51/26/d22c300112504f5f9a9fd2297ce33c35f3d353e4aeb987c8419453b2a7c2/coverage-7.10.7.tar.gz", hash = "sha256:f4ab143ab113be368a3e9b795f9cd7906c5ef407d6173fe9675a902e1fffc239", size = 827704, upload-time = "2025-09-21T20:03:56.815Z" }
wheels = [
    { url = "https://files.pythonhosted.org/packages/23/9c/5844ab4ca6a4dd97a1850e030a15ec7d292b5c5cb93082979225126e35dd/coverage-7.10.7-cp314-cp314-macosx_10_13_x86_64.whl", hash = "sha256:b06f260b16ead11643a5a9f955bd4b5fd76c1a4c6796aeade8520095b75de520", size = 218302, upload-time = "2025-09-21T20:02:42.527Z" },
    { url = "https://files.pythonhosted.org/packages/f0/89/673f6514b0961d1f0e20ddc242e9342f6da21eaba3489901b565c0689f34/coverage-7.10.7-cp314-cp314-macosx_11_0_arm64.whl", hash = "sha256:212f8f2e0612778f09c55dd4872cb1f64a1f2b074393d139278ce902064d5b32", size = 218578, upload-time = "2025-09-21T20:02:44.468Z" },
    { url = "https://files.pythonhosted.org/packages/05/e8/261cae479e85232828fb17ad536765c88dd818c8470aca690b0ac6feeaa3/coverage-7.10.7-cp314-cp314-manylinux1_i686.manylinux_2_28_i686.manylinux_2_5_i686.whl", hash = "sha256:3445258bcded7d4aa630ab8296dea4d3f15a255588dd535f980c193ab6b95f3f", size = 249629, upload-time = "2025-09-21T20:02:46.503Z" },
    { url = "https://files.pythonhosted.org/packages/82/62/14ed6546d0207e6eda876434e3e8475a3e9adbe32110ce896c9e0c06bb9a/coverage-7.10.7-cp314-cp314-manylinux1_x86_64.manylinux_2_28_x86_64.manylinux_2_5_x86_64.whl", hash = "sha256:bb45474711ba385c46a0bfe696c695a929ae69ac636cda8f532be9e8c93d720a", size = 252162, upload-time = "2025-09-21T20:02:48.689Z" },
    { url = "https://files.pythonhosted.org/packages/ff/49/07f00db9ac6478e4358165a08fb41b469a1b053212e8a00cb02f0d27a05f/coverage-7.10.7-cp314-cp314-manylinux2014_aarch64.manylinux_2_17_aarch64.manylinux_2_28_aarch64.whl", hash = "sha256:813922f35bd800dca9994c5971883cbc0d291128a5de6b167c7aa697fcf59360", size = 253517, upload-time = "2025-09-21T20:02:50.31Z" },
    { url = "https://files.pythonhosted.org/packages/a2/59/c5201c62dbf165dfbc91460f6dbbaa85a8b82cfa6131ac45d6c1bfb52deb/coverage-7.10.7-cp314-cp314-manylinux_2_31_riscv64.manylinux_2_39_riscv64.whl", hash = "sha256:93c1b03552081b2a4423091d6fb3787265b8f86af404cff98d1b5342713bdd69", size = 249632, upload-time = "2025-09-21T20:02:51.971Z" },
    { url = "https://files.pythonhosted.org/packages/07/ae/5920097195291a51fb00b3a70b9bbd2edbfe3c84876a1762bd1ef1565ebc/coverage-7.10.7-cp314-cp314-musllinux_1_2_aarch64.whl", hash = "sha256:cc87dd1b6eaf0b848eebb1c86469b9f72a1891cb42ac7adcfbce75eadb13dd14", size = 251520, upload-time = "2025-09-21T20:02:53.858Z" },
    { url = "https://files.pythonhosted.org/packages/b9/3c/a815dde77a2981f5743a60b63df31cb322c944843e57dbd579326625a413/coverage-7.10.7-cp314-cp314-musllinux_1_2_i686.whl", hash = "sha256:39508ffda4f343c35f3236fe8d1a6634a51f4581226a1262769d7f970e73bffe", size = 249455, upload-time = "2025-09-21T20:02:55.807Z" },
    { url = "https://files.pythonhosted.org/packages/aa/99/f5cdd8421ea656abefb6c0ce92556709db2265c41e8f9fc6c8ae0f7824c9/coverage-7.10.7-cp314-cp314-musllinux_1_2_riscv64.whl", hash = "sha256:925a1edf3d810537c5a3abe78ec5530160c5f9a26b1f4270b40e62cc79304a1e", size = 249287, upload-time = "2025-09-21T20:02:57.784Z" },
    { url = "https://files.pythonhosted.org/packages/c3/7a/e9a2da6a1fc5d007dd51fca083a663ab930a8c4d149c087732a5dbaa0029/coverage-7.10.7-cp314-cp314-musllinux_1_2_x86_64.whl", hash = "sha256:2c8b9a0636f94c43cd3576811e05b89aa9bc2d0a85137affc544ae5cb0e4bfbd", size = 250946, upload-time = "2025-09-21T20:02:59.431Z" },
    { url = "https://files.pythonhosted.org/packages/ef/5b/0b5799aa30380a949005a353715095d6d1da81927d6dbed5def2200a4e25/coverage-7.10.7-cp314-cp314-win32.whl", hash = "sha256:b7b8288eb7cdd268b0304632da8cb0bb93fadcfec2fe5712f7b9cc8f4d487be2", size = 221009, upload-time = "2025-09-21T20:03:01.324Z" },
    { url = "https://files.pythonhosted.org/packages/da/b0/e802fbb6eb746de006490abc9bb554b708918b6774b722bb3a0e6aa1b7de/coverage-7.10.7-cp314-cp314-win_amd64.whl", hash = "sha256:1ca6db7c8807fb9e755d0379ccc39017ce0a84dcd26d14b5a03b78563776f681", size = 221804, upload-time = "2025-09-21T20:03:03.4Z" },
    { url = "https://files.pythonhosted.org/packages/9e/e8/71d0c8e374e31f39e3389bb0bd19e527d46f00ea8571ec7ec8fd261d8b44/coverage-7.10.7-cp314-cp314-win_arm64.whl", hash = "sha256:097c1591f5af4496226d5783d036bf6fd6cd0cbc132e071b33861de756efb880", size = 220384, upload-time = "2025-09-21T20:03:05.111Z" },
    { url = "https://files.pythonhosted.org/packages/62/09/9a5608d319fa3eba7a2019addeacb8c746fb50872b57a724c9f79f146969/coverage-7.10.7-cp314-cp314t-macosx_10_13_x86_64.whl", hash = "sha256:a62c6ef0d50e6de320c270ff91d9dd0a05e7250cac2a800b7784bae474506e63", size = 219047, upload-time = "2025-09-21T20:03:06.795Z" },
    { url = "https://files.pythonhosted.org/packages/f5/6f/f58d46f33db9f2e3647b2d0764704548c184e6f5e014bef528b7f979ef84/coverage-7.10.7-cp314-cp314t-macosx_11_0_arm64.whl", hash = "sha256:9fa6e4dd51fe15d8738708a973470f67a855ca50002294852e9571cdbd9433f2", size = 219266, upload-time = "2025-09-21T20:03:08.495Z" },
    { url = "https://files.pythonhosted.org/packages/74/5c/183ffc817ba68e0b443b8c934c8795553eb0c14573813415bd59941ee165/coverage-7.10.7-cp314-cp314t-manylinux1_i686.manylinux_2_28_i686.manylinux_2_5_i686.whl", hash = "sha256:8fb190658865565c549b6b4706856d6a7b09302c797eb2cf8e7fe9dabb043f0d", size = 260767, upload-time = "2025-09-21T20:03:10.172Z" },
    { url = "https://files.pythonhosted.org/packages/0f/48/71a8abe9c1ad7e97548835e3cc1adbf361e743e9d60310c5f75c9e7bf847/coverage-7.10.7-cp314-cp314t-manylinux1_x86_64.manylinux_2_28_x86_64.manylinux_2_5_x86_64.whl", hash = "sha256:affef7c76a9ef259187ef31599a9260330e0335a3011732c4b9effa01e1cd6e0", size = 262931, upload-time = "2025-09-21T20:03:11.861Z" },
    { url = "https://files.pythonhosted.org/packages/84/fd/193a8fb132acfc0a901f72020e54be5e48021e1575bb327d8ee1097a28fd/coverage-7.10.7-cp314-cp314t-manylinux2014_aarch64.manylinux_2_17_aarch64.manylinux_2_28_aarch64.whl", hash = "sha256:6e16e07d85ca0cf8bafe5f5d23a0b850064e8e945d5677492b06bbe6f09cc699", size = 265186, upload-time = "2025-09-21T20:03:13.539Z" },
    { url = "https://files.pythonhosted.org/packages/b1/8f/74ecc30607dd95ad50e3034221113ccb1c6d4e8085cc761134782995daae/coverage-7.10.7-cp314-cp314t-manylinux_2_31_riscv64.manylinux_2_39_riscv64.whl", hash = "sha256:03ffc58aacdf65d2a82bbeb1ffe4d01ead4017a21bfd0454983b88ca73af94b9", size = 259470, upload-time = "2025-09-21T20:03:15.584Z" },
    { url = "https://files.pythonhosted.org/packages/0f/55/79ff53a769f20d71b07023ea115c9167c0bb56f281320520cf64c5298a96/coverage-7.10.7-cp314-cp314t-musllinux_1_2_aarch64.whl", hash = "sha256:1b4fd784344d4e52647fd7857b2af5b3fbe6c239b0b5fa63e94eb67320770e0f", size = 262626, upload-time = "2025-09-21T20:03:17.673Z" },
    { url = "https://files.pythonhosted.org/packages/88/e2/dac66c140009b61ac3fc13af673a574b00c16efdf04f9b5c740703e953c0/coverage-7.10.7-cp314-cp314t-musllinux_1_2_i686.whl", hash = "sha256:0ebbaddb2c19b71912c6f2518e791aa8b9f054985a0769bdb3a53ebbc765c6a1", size = 260386, upload-time = "2025-09-21T20:03:19.36Z" },
    { url = "https://files.pythonhosted.org/packages/a2/f1/f48f645e3f33bb9ca8a496bc4a9671b52f2f353146233ebd7c1df6160440/coverage-7.10.7-cp314-cp314t-musllinux_1_2_riscv64.whl", hash = "sha256:a2d9a3b260cc1d1dbdb1c582e63ddcf5363426a1a68faa0f5da28d8ee3c722a0", size = 258852, upload-time = "2025-09-21T20:03:21.007Z" },
    { url = "https://files.pythonhosted.org/packages/bb/3b/8442618972c51a7affeead957995cfa8323c0c9bcf8fa5a027421f720ff4/coverage-7.10.7-cp314-cp314t-musllinux_1_2_x86_64.whl", hash = "sha256:a3cc8638b2480865eaa3926d192e64ce6c51e3d29c849e09d5b4ad95efae5399", size = 261534, upload-time = "2025-09-21T20:03:23.12Z" },
    { url = "https://files.pythonhosted.org/packages/b2/dc/101f3fa3a45146db0cb03f5b4376e24c0aac818309da23e2de0c75295a91/coverage-7.10.7-cp314-cp314t-win32.whl", hash = "sha256:67f8c5cbcd3deb7a60b3345dffc89a961a484ed0af1f6f73de91705cc6e31235", size = 221784, upload-time = "2025-09-21T20:03:24.769Z" },
    { url = "https://files.pythonhosted.org/packages/4c/a1/74c51803fc70a8a40d7346660379e144be772bab4ac7bb6e6b905152345c/coverage-7.10.7-cp314-cp314t-win_amd64.whl", hash = "sha256:e1ed71194ef6dea7ed2d5cb5f7243d4bcd334bfb63e59878519be558078f848d", size = 222905, upload-time = "2025-09-21T20:03:26.93Z" },
    { url = "https://files.pythonhosted.org/packages/12/65/f116a6d2127df30bcafbceef0302d8a64ba87488bf6f73a6d8eebf060873/coverage-7.10.7-cp314-cp314t-win_arm64.whl", hash = "sha256:7fe650342addd8524ca63d77b2362b02345e5f1a093266787d210c70a50b471a", size = 220922, upload-time = "2025-09-21T20:03:28.672Z" },
    { url = "https://files.pythonhosted.org/packages/ec/16/114df1c291c22cac3b0c127a73e0af5c12ed7bbb6558d310429a0ae24023/coverage-7.10.7-py3-none-any.whl", hash = "sha256:f7941f6f2fe6dd6807a1208737b8a0cbcf1cc6d7b07d24998ad2d63590868260", size = 209952, upload-time = "2025-09-21T20:03:53.918Z" },
]

[[package]]
name = "iniconfig"
version = "2.1.0"
source = { registry = "https://pypi.org/simple" }
sdist = { url = "https://files.pythonhosted.org/packages/f2/97/ebf4da567aa6827c909642694d71c9fcf53e5b504f2d96afea02718862f3/iniconfig-2.1.0.tar.gz", hash = "sha256:3abbd2e30b36733fee78f9c7f7308f2d0050e88f0087fd25c2645f63c773e1c7", size = 4793, upload-time = "2025-03-19T20:09:59.721Z" }
wheels = [
    { url = "https://files.pythonhosted.org/packages/2c/e1/e6716421ea10d38022b952c159d5161ca1193197fb744506875fbb87ea7b/iniconfig-2.1.0-py3-none-any.whl", hash = "sha256:9deba5723312380e77435581c6bf4935c94cbfab9b1ed33ef8d238ea168eb760", size = 6050, upload-time = "2025-03-19T20:10:01.071Z" },
]

[[package]]
name = "librt"
version = "0.7.4"
source = { registry = "https://pypi.org/simple" }
sdist = { url = "https://files.pythonhosted.org/packages/93/e4/b59bdf1197fdf9888452ea4d2048cdad61aef85eb83e99dc52551d7fdc04/librt-0.7.4.tar.gz", hash = "sha256:3871af56c59864d5fd21d1ac001eb2fb3b140d52ba0454720f2e4a19812404ba", size = 145862, upload-time = "2025-12-15T16:52:43.862Z" }
wheels = [
    { url = "https://files.pythonhosted.org/packages/74/81/6921e65c8708eb6636bbf383aa77e6c7dad33a598ed3b50c313306a2da9d/librt-0.7.4-cp314-cp314-macosx_10_13_x86_64.whl", hash = "sha256:4f1ee004942eaaed6e06c087d93ebc1c67e9a293e5f6b9b5da558df6bf23dc5d", size = 55191, upload-time = "2025-12-15T16:52:01.97Z" },
    { url = "https://files.pythonhosted.org/packages/0d/d6/3eb864af8a8de8b39cc8dd2e9ded1823979a27795d72c4eea0afa8c26c9f/librt-0.7.4-cp314-cp314-macosx_11_0_arm64.whl", hash = "sha256:d854c6dc0f689bad7ed452d2a3ecff58029d80612d336a45b62c35e917f42d23", size = 56898, upload-time = "2025-12-15T16:52:03.356Z" },
    { url = "https://files.pythonhosted.org/packages/49/bc/b1d4c0711fdf79646225d576faee8747b8528a6ec1ceb6accfd89ade7102/librt-0.7.4-cp314-cp314-manylinux1_i686.manylinux_2_28_i686.manylinux_2_5_i686.whl", hash = "sha256:a4f7339d9e445280f23d63dea842c0c77379c4a47471c538fc8feedab9d8d063", size = 163725, upload-time = "2025-12-15T16:52:04.572Z" },
    { url = "https://files.pythonhosted.org/packages/2c/08/61c41cd8f0a6a41fc99ea78a2205b88187e45ba9800792410ed62f033584/librt-0.7.4-cp314-cp314-manylinux2014_aarch64.manylinux_2_17_aarch64.manylinux_2_28_aarch64.whl", hash = "sha256:39003fc73f925e684f8521b2dbf34f61a5deb8a20a15dcf53e0d823190ce8848", size = 172469, upload-time = "2025-12-15T16:52:05.863Z" },
    { url = "https://files.pythonhosted.org/packages/8b/c7/4ee18b4d57f01444230bc18cf59103aeab8f8c0f45e84e0e540094df1df1/librt-0.7.4-cp314-cp314-manylinux2014_x86_64.manylinux_2_17_x86_64.manylinux_2_28_x86_64.whl", hash = "sha256:6bb15ee29d95875ad697d449fe6071b67f730f15a6961913a2b0205015ca0843", size = 186804, upload-time = "2025-12-15T16:52:07.192Z" },
    { url = "https://files.pythonhosted.org/packages/a1/af/009e8ba3fbf830c936842da048eda1b34b99329f402e49d88fafff6525d1/librt-0.7.4-cp314-cp314-musllinux_1_2_aarch64.whl", hash = "sha256:02a69369862099e37d00765583052a99d6a68af7e19b887e1b78fee0146b755a", size = 181807, upload-time = "2025-12-15T16:52:08.554Z" },
    { url = "https://files.pythonhosted.org/packages/85/26/51ae25f813656a8b117c27a974f25e8c1e90abcd5a791ac685bf5b489a1b/librt-0.7.4-cp314-cp314-musllinux_1_2_i686.whl", hash = "sha256:ec72342cc4d62f38b25a94e28b9efefce41839aecdecf5e9627473ed04b7be16", size = 175595, upload-time = "2025-12-15T16:52:10.186Z" },
    { url = "https://files.pythonhosted.org/packages/48/93/36d6c71f830305f88996b15c8e017aa8d1e03e2e947b40b55bbf1a34cf24/librt-0.7.4-cp314-cp314-musllinux_1_2_x86_64.whl", hash = "sha256:776dbb9bfa0fc5ce64234b446995d8d9f04badf64f544ca036bd6cff6f0732ce", size = 196504, upload-time = "2025-12-15T16:52:11.472Z" },
    { url = "https://files.pythonhosted.org/packages/08/11/8299e70862bb9d704735bf132c6be09c17b00fbc7cda0429a9df222fdc1b/librt-0.7.4-cp314-cp314-win32.whl", hash = "sha256:0f8cac84196d0ffcadf8469d9ded4d4e3a8b1c666095c2a291e22bf58e1e8a9f", size = 39738, upload-time = "2025-12-15T16:52:12.962Z" },
    { url = "https://files.pythonhosted.org/packages/54/d5/656b0126e4e0f8e2725cd2d2a1ec40f71f37f6f03f135a26b663c0e1a737/librt-0.7.4-cp314-cp314-win_amd64.whl", hash = "sha256:037f5cb6fe5abe23f1dc058054d50e9699fcc90d0677eee4e4f74a8677636a1a", size = 45976, upload-time = "2025-12-15T16:52:14.441Z" },
    { url = "https://files.pythonhosted.org/packages/60/86/465ff07b75c1067da8fa7f02913c4ead096ef106cfac97a977f763783bfb/librt-0.7.4-cp314-cp314-win_arm64.whl", hash = "sha256:a5deebb53d7a4d7e2e758a96befcd8edaaca0633ae71857995a0f16033289e44", size = 39073, upload-time = "2025-12-15T16:52:15.621Z" },
    { url = "https://files.pythonhosted.org/packages/b3/a0/24941f85960774a80d4b3c2aec651d7d980466da8101cae89e8b032a3e21/librt-0.7.4-cp314-cp314t-macosx_10_13_x86_64.whl", hash = "sha256:b4c25312c7f4e6ab35ab16211bdf819e6e4eddcba3b2ea632fb51c9a2a97e105", size = 57369, upload-time = "2025-12-15T16:52:16.782Z" },
    { url = "https://files.pythonhosted.org/packages/77/a0/ddb259cae86ab415786c1547d0fe1b40f04a7b089f564fd5c0242a3fafb2/librt-0.7.4-cp314-cp314t-macosx_11_0_arm64.whl", hash = "sha256:618b7459bb392bdf373f2327e477597fff8f9e6a1878fffc1b711c013d1b0da4", size = 59230, upload-time = "2025-12-15T16:52:18.259Z" },
    { url = "https://files.pythonhosted.org/packages/31/11/77823cb530ab8a0c6fac848ac65b745be446f6f301753b8990e8809080c9/librt-0.7.4-cp314-cp314t-manylinux1_i686.manylinux_2_28_i686.manylinux_2_5_i686.whl", hash = "sha256:1437c3f72a30c7047f16fd3e972ea58b90172c3c6ca309645c1c68984f05526a", size = 183869, upload-time = "2025-12-15T16:52:19.457Z" },
    { url = "https://files.pythonhosted.org/packages/a4/ce/157db3614cf3034b3f702ae5ba4fefda4686f11eea4b7b96542324a7a0e7/librt-0.7.4-cp314-cp314t-manylinux2014_aarch64.manylinux_2_17_aarch64.manylinux_2_28_aarch64.whl", hash = "sha256:c96cb76f055b33308f6858b9b594618f1b46e147a4d03a4d7f0c449e304b9b95", size = 194606, upload-time = "2025-12-15T16:52:20.795Z" },
    { url = "https://files.pythonhosted.org/packages/30/ef/6ec4c7e3d6490f69a4fd2803516fa5334a848a4173eac26d8ee6507bff6e/librt-0.7.4-cp314-cp314t-manylinux2014_x86_64.manylinux_2_17_x86_64.manylinux_2_28_x86_64.whl", hash = "sha256:28f990e6821204f516d09dc39966ef8b84556ffd648d5926c9a3f681e8de8906", size = 206776, upload-time = "2025-12-15T16:52:22.229Z" },
    { url = "https://files.pythonhosted.org/packages/ad/22/750b37bf549f60a4782ab80e9d1e9c44981374ab79a7ea68670159905918/librt-0.7.4-cp314-cp314t-musllinux_1_2_aarch64.whl", hash = "sha256:bc4aebecc79781a1b77d7d4e7d9fe080385a439e198d993b557b60f9117addaf", size = 203205, upload-time = "2025-12-15T16:52:23.603Z" },
    { url = "https://files.pythonhosted.org/packages/7a/87/2e8a0f584412a93df5faad46c5fa0a6825fdb5eba2ce482074b114877f44/librt-0.7.4-cp314-cp314t-musllinux_1_2_i686.whl", hash = "sha256:022cc673e69283a42621dd453e2407cf1647e77f8bd857d7ad7499901e62376f", size = 196696, upload-time = "2025-12-15T16:52:24.951Z" },
    { url = "https://files.pythonhosted.org/packages/e5/ca/7bf78fa950e43b564b7de52ceeb477fb211a11f5733227efa1591d05a307/librt-0.7.4-cp314-cp314t-musllinux_1_2_x86_64.whl", hash = "sha256:2b3ca211ae8ea540569e9c513da052699b7b06928dcda61247cb4f318122bdb5", size = 217191, upload-time = "2025-12-15T16:52:26.194Z" },
    { url = "https://files.pythonhosted.org/packages/d6/49/3732b0e8424ae35ad5c3166d9dd5bcdae43ce98775e0867a716ff5868064/librt-0.7.4-cp314-cp314t-win32.whl", hash = "sha256:8a461f6456981d8c8e971ff5a55f2e34f4e60871e665d2f5fde23ee74dea4eeb", size = 40276, upload-time = "2025-12-15T16:52:27.54Z" },
    { url = "https://files.pythonhosted.org/packages/35/d6/d8823e01bd069934525fddb343189c008b39828a429b473fb20d67d5cd36/librt-0.7.4-cp314-cp314t-win_amd64.whl", hash = "sha256:721a7b125a817d60bf4924e1eec2a7867bfcf64cfc333045de1df7a0629e4481", size = 46772, upload-time = "2025-12-15T16:52:28.653Z" },
    { url = "https://files.pythonhosted.org/packages/36/e9/a0aa60f5322814dd084a89614e9e31139702e342f8459ad8af1984a18168/librt-0.7.4-cp314-cp314t-win_arm64.whl", hash = "sha256:76b2ba71265c0102d11458879b4d53ccd0b32b0164d14deb8d2b598a018e502f", size = 39724, upload-time = "2025-12-15T16:52:29.836Z" },
]

[[package]]
name = "mypy"
version = "1.19.1"
source = { registry = "https://pypi.org/simple" }
dependencies = [
    { name = "librt", marker = "platform_python_implementation != 'PyPy'" },
    { name = "mypy-extensions" },
    { name = "pathspec" },
    { name = "typing-extensions" },
]
sdist = { url = "https://files.pythonhosted.org/packages/f5/db/4efed9504bc01309ab9c2da7e352cc223569f05478012b5d9ece38fd44d2/mypy-1.19.1.tar.gz", hash = "sha256:19d88bb05303fe63f71dd2c6270daca27cb9401c4ca8255fe50d1d920e0eb9ba", size = 3582404, upload-time = "2025-12-15T05:03:48.42Z" }
wheels = [
    { url = "https://files.pythonhosted.org/packages/de/eb/b83e75f4c820c4247a58580ef86fcd35165028f191e7e1ba57128c52782d/mypy-1.19.1-cp314-cp314-macosx_10_15_x86_64.whl", hash = "sha256:06e6170bd5836770e8104c8fdd58e5e725cfeb309f0a6c681a811f557e97eac1", size = 13199744, upload-time = "2025-12-15T05:03:30.823Z" },
    { url = "https://files.pythonhosted.org/packages/94/28/52785ab7bfa165f87fcbb61547a93f98bb20e7f82f90f165a1f69bce7b3d/mypy-1.19.1-cp314-cp314-macosx_11_0_arm64.whl", hash = "sha256:804bd67b8054a85447c8954215a906d6eff9cabeabe493fb6334b24f4bfff718", size = 12215815, upload-time = "2025-12-15T05:02:42.323Z" },
    { url = "https://files.pythonhosted.org/packages/0a/c6/bdd60774a0dbfb05122e3e925f2e9e846c009e479dcec4821dad881f5b52/mypy-1.19.1-cp314-cp314-manylinux2014_aarch64.manylinux_2_17_aarch64.manylinux_2_28_aarch64.whl", hash = "sha256:21761006a7f497cb0d4de3d8ef4ca70532256688b0523eee02baf9eec895e27b", size = 12740047, upload-time = "2025-12-15T05:03:33.168Z" },
    { url = "https://files.pythonhosted.org/packages/32/2a/66ba933fe6c76bd40d1fe916a83f04fed253152f451a877520b3c4a5e41e/mypy-1.19.1-cp314-cp314-manylinux2014_x86_64.manylinux_2_17_x86_64.manylinux_2_28_x86_64.whl", hash = "sha256:28902ee51f12e0f19e1e16fbe2f8f06b6637f482c459dd393efddd0ec7f82045", size = 13601998, upload-time = "2025-12-15T05:03:13.056Z" },
    { url = "https://files.pythonhosted.org/packages/e3/da/5055c63e377c5c2418760411fd6a63ee2b96cf95397259038756c042574f/mypy-1.19.1-cp314-cp314-musllinux_1_2_x86_64.whl", hash = "sha256:481daf36a4c443332e2ae9c137dfee878fcea781a2e3f895d54bd3002a900957", size = 13807476, upload-time = "2025-12-15T05:03:17.977Z" },
    { url = "https://files.pythonhosted.org/packages/cd/09/4ebd873390a063176f06b0dbf1f7783dd87bd120eae7727fa4ae4179b685/mypy-1.19.1-cp314-cp314-win_amd64.whl", hash = "sha256:8bb5c6f6d043655e055be9b542aa5f3bdd30e4f3589163e85f93f3640060509f", size = 10281872, upload-time = "2025-12-15T05:03:05.549Z" },
    { url = "https://files.pythonhosted.org/packages/8d/f4/4ce9a05ce5ded1de3ec1c1d96cf9f9504a04e54ce0ed55cfa38619a32b8d/mypy-1.19.1-py3-none-any.whl", hash = "sha256:f1235f5ea01b7db5468d53ece6aaddf1ad0b88d9e7462b86ef96fe04995d7247", size = 2471239, upload-time = "2025-12-15T05:03:07.248Z" },
]

[[package]]
name = "mypy-extensions"
version = "1.1.0"
source = { registry = "https://pypi.org/simple" }
sdist = { url = "https://files.pythonhosted.org/packages/a2/6e/371856a3fb9d31ca8dac321cda606860fa4548858c0cc45d9d1d4ca2628b/mypy_extensions-1.1.0.tar.gz", hash = "sha256:52e68efc3284861e772bbcd66823fde5ae21fd2fdb51c62a211403730b916558", size = 6343, upload-time = "2025-04-22T14:54:24.164Z" }
wheels = [
    { url = "https://files.pythonhosted.org/packages/79/7b/2c79738432f5c924bef5071f933bcc9efd0473bac3b4aa584a6f7c1c8df8/mypy_extensions-1.1.0-py3-none-any.whl", hash = "sha256:1be4cccdb0f2482337c4743e60421de3a356cd97508abadd57d47403e94f5505", size = 4963, upload-time = "2025-04-22T14:54:22.983Z" },
]

[[package]]
name = "packaging"
version = "25.0"
source = { registry = "https://pypi.org/simple" }
sdist = { url = "https://files.pythonhosted.org/packages/a1/d4/1fc4078c65507b51b96ca8f8c3ba19e6a61c8253c72794544580a7b6c24d/packaging-25.0.tar.gz", hash = "sha256:d443872c98d677bf60f6a1f2f8c1cb748e8fe762d2bf9d3148b5599295b0fc4f", size = 165727, upload-time = "2025-04-19T11:48:59.673Z" }
wheels = [
    { url = "https://files.pythonhosted.org/packages/20/12/38679034af332785aac8774540895e234f4d07f7545804097de4b666afd8/packaging-25.0-py3-none-any.whl", hash = "sha256:29572ef2b1f17581046b3a2227d5c611fb25ec70ca1ba8554b24b0e69331a484", size = 66469, upload-time = "2025-04-19T11:48:57.875Z" },
]

[[package]]
name = "pathspec"
version = "0.12.1"
source = { registry = "https://pypi.org/simple" }
sdist = { url = "https://files.pythonhosted.org/packages/ca/bc/f35b8446f4531a7cb215605d100cd88b7ac6f44ab3fc94870c120ab3adbf/pathspec-0.12.1.tar.gz", hash = "sha256:a482d51503a1ab33b1c67a6c3813a26953dbdc71c31dacaef9a838c4e29f5712", size = 51043, upload-time = "2023-12-10T22:30:45Z" }
wheels = [
    { url = "https://files.pythonhosted.org/packages/cc/20/ff623b09d963f88bfde16306a54e12ee5ea43e9b597108672ff3a408aad6/pathspec-0.12.1-py3-none-any.whl", hash = "sha256:a0d503e138a4c123b27490a4f7beda6a01c6f288df0e4a8b79c7eb0dc7b4cc08", size = 31191, upload-time = "2023-12-10T22:30:43.14Z" },
]

[[package]]
name = "pluggy"
version = "1.6.0"
source = { registry = "https://pypi.org/simple" }
sdist = { url = "https://files.pythonhosted.org/packages/f9/e2/3e91f31a7d2b083fe6ef3fa267035b518369d9511ffab804f839851d2779/pluggy-1.6.0.tar.gz", hash = "sha256:7dcc130b76258d33b90f61b658791dede3486c3e6bfb003ee5c9bfb396dd22f3", size = 69412, upload-time = "2025-05-15T12:30:07.975Z" }
wheels = [
    { url = "https://files.pythonhosted.org/packages/54/20/4d324d65cc6d9205fabedc306948156824eb9f0ee1633355a8f7ec5c66bf/pluggy-1.6.0-py3-none-any.whl", hash = "sha256:e920276dd6813095e9377c0bc5566d94c932c33b27a3e3945d8389c374dd4746", size = 20538, upload-time = "2025-05-15T12:30:06.134Z" },
]

[[package]]
name = "prek"
version = "0.2.30"
source = { registry = "https://pypi.org/simple" }
sdist = { url = "https://files.pythonhosted.org/packages/51/87/2ad90e933c59676b8ce373a643ba5c58e96d4626f08a796af07607a4e827/prek-0.2.30.tar.gz", hash = "sha256:e421b7854eb2228c060b40e7282c4ce4c9889f41062351bc34f55472af2a608c", size = 291247, upload-time = "2026-01-18T13:23:15.171Z" }
wheels = [
    { url = "https://files.pythonhosted.org/packages/52/1a/8dcd4580106190be9c313a72a15e309d41176fc4b6414167fba638bcee75/prek-0.2.30-py3-none-linux_armv6l.whl", hash = "sha256:50b25003fa94c0df6cd6683714ac0c6122e4f3d18ae6a487333823ec812b57d4", size = 4260268, upload-time = "2026-01-18T13:22:59.295Z" },
    { url = "https://files.pythonhosted.org/packages/2c/d0/0b9d524d409c5b1b7466f32217cb809b997613a0d0b319caab0ceb1f664b/prek-0.2.30-py3-none-macosx_10_12_x86_64.whl", hash = "sha256:e69842fec298fc065dd2428e33a50bcd124d7ac22fc4d91c442b963450d5b14d", size = 4269718, upload-time = "2026-01-18T13:22:55.575Z" },
    { url = "https://files.pythonhosted.org/packages/04/55/8e9ff2ff742174e49e2df5a14108f5997498662ff31ade35529ecea1812c/prek-0.2.30-py3-none-macosx_11_0_arm64.whl", hash = "sha256:910a370b718a128ef91e5f93baa76eeef205ac448774c491838f36511e95ce64", size = 3924968, upload-time = "2026-01-18T13:23:00.968Z" },
    { url = "https://files.pythonhosted.org/packages/2e/db/a130a32ae8c3de89efe20d11ec8d0730cd80319f0f9ca673ef4e5c8685b2/prek-0.2.30-py3-none-manylinux_2_17_aarch64.manylinux2014_aarch64.musllinux_1_1_aarch64.whl", hash = "sha256:5f9d50e0d95e5b7908299a59d6aee903ca422a032e2d9e0b5ba73c5a2911f469", size = 4254573, upload-time = "2026-01-18T13:23:09.713Z" },
    { url = "https://files.pythonhosted.org/packages/a5/ab/3b64dcf919c82bbac75c5cc8800932f3bfd2be33a60f0345b708b78b56aa/prek-0.2.30-py3-none-manylinux_2_17_armv7l.manylinux2014_armv7l.whl", hash = "sha256:801df0ecef3c3303dd1b5abe14edfe704b305c5bdca0b272bb3e317dbe3d29af", size = 4183080, upload-time = "2026-01-18T13:22:48.028Z" },
    { url = "https://files.pythonhosted.org/packages/a5/6d/4acdb306901d3b9e9c4da88b033264e5eed3b53f43a8111df25cd843f127/prek-0.2.30-py3-none-manylinux_2_17_i686.manylinux2014_i686.whl", hash = "sha256:03154e56a6956179e916ec3f564835af7a304473235fe837c3e504df1aa462c2", size = 4436996, upload-time = "2026-01-18T13:22:52.109Z" },
    { url = "https://files.pythonhosted.org/packages/c3/80/50e0e03dbfe93dbe94a79f1026e9c24eacd4a7228b27f650a2ee43ce4387/prek-0.2.30-py3-none-manylinux_2_17_s390x.manylinux2014_s390x.whl", hash = "sha256:77923501a247f94a93e272c3bacbfb7a4347aff3c57a4edb928624ddb8c65eb7", size = 4970022, upload-time = "2026-01-18T13:23:13.297Z" },
    { url = "https://files.pythonhosted.org/packages/52/4f/c9cda78678275ce1bfa97c3ef6d9ad23ef1dac2cd2d4660ad277bbcd4ab2/prek-0.2.30-py3-none-manylinux_2_17_x86_64.manylinux2014_x86_64.whl", hash = "sha256:cea2e2b1825f3e1d979492eed6d69f21d3e13cb4157212034badd01521b77b1d", size = 4494648, upload-time = "2026-01-18T13:23:08.08Z" },
    { url = "https://files.pythonhosted.org/packages/38/78/14bbe113362702bb0dd34cdb8244f0b1bc37e7482592381a8cec4d725fc5/prek-0.2.30-py3-none-manylinux_2_28_aarch64.whl", hash = "sha256:77cb9c9218a5479e10e33449dec52886c6991f7b5dd5abb9c20856c1a1fae66a", size = 4268486, upload-time = "2026-01-18T13:22:57.762Z" },
    { url = "https://files.pythonhosted.org/packages/52/17/78182dc4c4e4eed952558085b21046414c1b21e800a157d4a6f94d20bd1a/prek-0.2.30-py3-none-manylinux_2_31_riscv64.whl", hash = "sha256:c480dcbf459ea0dcf70f9d9f9f3709c11cbda06f81526b2e36430fa260ecf747", size = 4285924, upload-time = "2026-01-18T13:23:02.503Z" },
    { url = "https://files.pythonhosted.org/packages/8a/2d/ec39a4570dad4984f671a940df6078f97bb4fd993b32914358a0ed7b311a/prek-0.2.30-py3-none-musllinux_1_1_armv7l.whl", hash = "sha256:bdc5ae31543e77acf7d78fa51bf4f5cb870628856230763bc5173895ad84d327", size = 4161904, upload-time = "2026-01-18T13:23:16.397Z" },
    { url = "https://files.pythonhosted.org/packages/0f/63/e0488a50dbbeff2cf0b789d503f6425b9fd3fb3bd95e128634ee38a51f96/prek-0.2.30-py3-none-musllinux_1_1_i686.whl", hash = "sha256:859f870c823ecf1f5b28353e6ab53ae35bca2ee959c58a50a2e0100172fc2439", size = 4313514, upload-time = "2026-01-18T13:22:53.994Z" },
    { url = "https://files.pythonhosted.org/packages/cc/b4/e5fcb3d4e0275ccdb7d45494c8f628925ac05314b859ec74035ae487131a/prek-0.2.30-py3-none-musllinux_1_1_x86_64.whl", hash = "sha256:c086ae69d106abbfcb7f4b91c70e5cdf982d4485970b75b0057302b46f1708e2", size = 4599592, upload-time = "2026-01-18T13:22:50.483Z" },
    { url = "https://files.pythonhosted.org/packages/33/2e/fb615b3026c96d10c0734fc2cb972b204e8fa52947e28f5e0eb6c24a0bd0/prek-0.2.30-py3-none-win32.whl", hash = "sha256:589c6277429424ce6e5a2e669c183efa55afb9adc9f1916a34c74211a63c7a35", size = 3888524, upload-time = "2026-01-18T13:23:04.005Z" },
    { url = "https://files.pythonhosted.org/packages/eb/b4/e1dc3447af01ad12956bd17185f21a874eb1b86787fb573e577fe4d602d6/prek-0.2.30-py3-none-win_amd64.whl", hash = "sha256:b651f0b392d92d6091c3fc5adb2b1a3819311a15e92bf3eb084cb8fd5df40272", size = 4237521, upload-time = "2026-01-18T13:23:06.42Z" },
    { url = "https://files.pythonhosted.org/packages/93/ec/8150b29e7e00a9fbb70c67f35188fb8c95f1c46481427f57a30c200365f9/prek-0.2.30-py3-none-win_arm64.whl", hash = "sha256:75cd54c05d1941f1f3c12a2f4365d9429a700ad8c442ece03266b217b403941b", size = 3992917, upload-time = "2026-01-18T13:23:11.594Z" },
]

[[package]]
name = "pygments"
version = "2.19.2"
source = { registry = "https://pypi.org/simple" }
sdist = { url = "https://files.pythonhosted.org/packages/b0/77/a5b8c569bf593b0140bde72ea885a803b82086995367bf2037de0159d924/pygments-2.19.2.tar.gz", hash = "sha256:636cb2477cec7f8952536970bc533bc43743542f70392ae026374600add5b887", size = 4968631, upload-time = "2025-06-21T13:39:12.283Z" }
wheels = [
    { url = "https://files.pythonhosted.org/packages/c7/21/705964c7812476f378728bdf590ca4b771ec72385c533964653c68e86bdc/pygments-2.19.2-py3-none-any.whl", hash = "sha256:86540386c03d588bb81d44bc3928634ff26449851e99741617ecb9037ee5ec0b", size = 1225217, upload-time = "2025-06-21T13:39:07.939Z" },
]

[[package]]
name = "pytest"
version = "9.0.2"
source = { registry = "https://pypi.org/simple" }
dependencies = [
    { name = "colorama", marker = "sys_platform == 'win32'" },
    { name = "iniconfig" },
    { name = "packaging" },
    { name = "pluggy" },
    { name = "pygments" },
]
sdist = { url = "https://files.pythonhosted.org/packages/d1/db/7ef3487e0fb0049ddb5ce41d3a49c235bf9ad299b6a25d5780a89f19230f/pytest-9.0.2.tar.gz", hash = "sha256:75186651a92bd89611d1d9fc20f0b4345fd827c41ccd5c299a868a05d70edf11", size = 1568901, upload-time = "2025-12-06T21:30:51.014Z" }
wheels = [
    { url = "https://files.pythonhosted.org/packages/3b/ab/b3226f0bd7cdcf710fbede2b3548584366da3b19b5021e74f5bde2a8fa3f/pytest-9.0.2-py3-none-any.whl", hash = "sha256:711ffd45bf766d5264d487b917733b453d917afd2b0ad65223959f59089f875b", size = 374801, upload-time = "2025-12-06T21:30:49.154Z" },
]

[[package]]
name = "pytest-cov"
version = "7.0.0"
source = { registry = "https://pypi.org/simple" }
dependencies = [
    { name = "coverage" },
    { name = "pluggy" },
    { name = "pytest" },
]
sdist = { url = "https://files.pythonhosted.org/packages/5e/f7/c933acc76f5208b3b00089573cf6a2bc26dc80a8aece8f52bb7d6b1855ca/pytest_cov-7.0.0.tar.gz", hash = "sha256:33c97eda2e049a0c5298e91f519302a1334c26ac65c1a483d6206fd458361af1", size = 54328, upload-time = "2025-09-09T10:57:02.113Z" }
wheels = [
    { url = "https://files.pythonhosted.org/packages/ee/49/1377b49de7d0c1ce41292161ea0f721913fa8722c19fb9c1e3aa0367eecb/pytest_cov-7.0.0-py3-none-any.whl", hash = "sha256:3b8e9558b16cc1479da72058bdecf8073661c7f57f7d3c5f22a1c23507f2d861", size = 22424, upload-time = "2025-09-09T10:57:00.695Z" },
]

[[package]]
name = "ruff"
version = "0.14.11"
source = { registry = "https://pypi.org/simple" }
sdist = { url = "https://files.pythonhosted.org/packages/d4/77/9a7fe084d268f8855d493e5031ea03fa0af8cc05887f638bf1c4e3363eb8/ruff-0.14.11.tar.gz", hash = "sha256:f6dc463bfa5c07a59b1ff2c3b9767373e541346ea105503b4c0369c520a66958", size = 5993417, upload-time = "2026-01-08T19:11:58.322Z" }
wheels = [
    { url = "https://files.pythonhosted.org/packages/f0/a6/a4c40a5aaa7e331f245d2dc1ac8ece306681f52b636b40ef87c88b9f7afd/ruff-0.14.11-py3-none-linux_armv6l.whl", hash = "sha256:f6ff2d95cbd335841a7217bdfd9c1d2e44eac2c584197ab1385579d55ff8830e", size = 12951208, upload-time = "2026-01-08T19:12:09.218Z" },
    { url = "https://files.pythonhosted.org/packages/5c/5c/360a35cb7204b328b685d3129c08aca24765ff92b5a7efedbdd6c150d555/ruff-0.14.11-py3-none-macosx_10_12_x86_64.whl", hash = "sha256:6f6eb5c1c8033680f4172ea9c8d3706c156223010b8b97b05e82c59bdc774ee6", size = 13330075, upload-time = "2026-01-08T19:12:02.549Z" },
    { url = "https://files.pythonhosted.org/packages/1b/9e/0cc2f1be7a7d33cae541824cf3f95b4ff40d03557b575912b5b70273c9ec/ruff-0.14.11-py3-none-macosx_11_0_arm64.whl", hash = "sha256:f2fc34cc896f90080fca01259f96c566f74069a04b25b6205d55379d12a6855e", size = 12257809, upload-time = "2026-01-08T19:12:00.366Z" },
    { url = "https://files.pythonhosted.org/packages/a7/e5/5faab97c15bb75228d9f74637e775d26ac703cc2b4898564c01ab3637c02/ruff-0.14.11-py3-none-manylinux_2_17_aarch64.manylinux2014_aarch64.whl", hash = "sha256:53386375001773ae812b43205d6064dae49ff0968774e6befe16a994fc233caa", size = 12678447, upload-time = "2026-01-08T19:12:13.899Z" },
    { url = "https://files.pythonhosted.org/packages/1b/33/e9767f60a2bef779fb5855cab0af76c488e0ce90f7bb7b8a45c8a2ba4178/ruff-0.14.11-py3-none-manylinux_2_17_armv7l.manylinux2014_armv7l.whl", hash = "sha256:a697737dce1ca97a0a55b5ff0434ee7205943d4874d638fe3ae66166ff46edbe", size = 12758560, upload-time = "2026-01-08T19:11:42.55Z" },
    { url = "https://files.pythonhosted.org/packages/eb/84/4c6cf627a21462bb5102f7be2a320b084228ff26e105510cd2255ea868e5/ruff-0.14.11-py3-none-manylinux_2_17_i686.manylinux2014_i686.whl", hash = "sha256:6845ca1da8ab81ab1dce755a32ad13f1db72e7fba27c486d5d90d65e04d17b8f", size = 13599296, upload-time = "2026-01-08T19:11:30.371Z" },
    { url = "https://files.pythonhosted.org/packages/88/e1/92b5ed7ea66d849f6157e695dc23d5d6d982bd6aa8d077895652c38a7cae/ruff-0.14.11-py3-none-manylinux_2_17_ppc64.manylinux2014_ppc64.whl", hash = "sha256:e36ce2fd31b54065ec6f76cb08d60159e1b32bdf08507862e32f47e6dde8bcbf", size = 15048981, upload-time = "2026-01-08T19:12:04.742Z" },
    { url = "https://files.pythonhosted.org/packages/61/df/c1bd30992615ac17c2fb64b8a7376ca22c04a70555b5d05b8f717163cf9f/ruff-0.14.11-py3-none-manylinux_2_17_ppc64le.manylinux2014_ppc64le.whl", hash = "sha256:590bcc0e2097ecf74e62a5c10a6b71f008ad82eb97b0a0079e85defe19fe74d9", size = 14633183, upload-time = "2026-01-08T19:11:40.069Z" },
    { url = "https://files.pythonhosted.org/packages/04/e9/fe552902f25013dd28a5428a42347d9ad20c4b534834a325a28305747d64/ruff-0.14.11-py3-none-manylinux_2_17_s390x.manylinux2014_s390x.whl", hash = "sha256:53fe71125fc158210d57fe4da26e622c9c294022988d08d9347ec1cf782adafe", size = 14050453, upload-time = "2026-01-08T19:11:37.555Z" },
    { url = "https://files.pythonhosted.org/packages/ae/93/f36d89fa021543187f98991609ce6e47e24f35f008dfe1af01379d248a41/ruff-0.14.11-py3-none-manylinux_2_17_x86_64.manylinux2014_x86_64.whl", hash = "sha256:a35c9da08562f1598ded8470fcfef2afb5cf881996e6c0a502ceb61f4bc9c8a3", size = 13757889, upload-time = "2026-01-08T19:12:07.094Z" },
    { url = "https://files.pythonhosted.org/packages/b7/9f/c7fb6ecf554f28709a6a1f2a7f74750d400979e8cd47ed29feeaa1bd4db8/ruff-0.14.11-py3-none-manylinux_2_31_riscv64.whl", hash = "sha256:0f3727189a52179393ecf92ec7057c2210203e6af2676f08d92140d3e1ee72c1", size = 13955832, upload-time = "2026-01-08T19:11:55.064Z" },
    { url = "https://files.pythonhosted.org/packages/db/a0/153315310f250f76900a98278cf878c64dfb6d044e184491dd3289796734/ruff-0.14.11-py3-none-musllinux_1_2_aarch64.whl", hash = "sha256:eb09f849bd37147a789b85995ff734a6c4a095bed5fd1608c4f56afc3634cde2", size = 12586522, upload-time = "2026-01-08T19:11:35.356Z" },
    { url = "https://files.pythonhosted.org/packages/2f/2b/a73a2b6e6d2df1d74bf2b78098be1572191e54bec0e59e29382d13c3adc5/ruff-0.14.11-py3-none-musllinux_1_2_armv7l.whl", hash = "sha256:c61782543c1231bf71041461c1f28c64b961d457d0f238ac388e2ab173d7ecb7", size = 12724637, upload-time = "2026-01-08T19:11:47.796Z" },
    { url = "https://files.pythonhosted.org/packages/f0/41/09100590320394401cd3c48fc718a8ba71c7ddb1ffd07e0ad6576b3a3df2/ruff-0.14.11-py3-none-musllinux_1_2_i686.whl", hash = "sha256:82ff352ea68fb6766140381748e1f67f83c39860b6446966cff48a315c3e2491", size = 13145837, upload-time = "2026-01-08T19:11:32.87Z" },
    { url = "https://files.pythonhosted.org/packages/3b/d8/e035db859d1d3edf909381eb8ff3e89a672d6572e9454093538fe6f164b0/ruff-0.14.11-py3-none-musllinux_1_2_x86_64.whl", hash = "sha256:728e56879df4ca5b62a9dde2dd0eb0edda2a55160c0ea28c4025f18c03f86984", size = 13850469, upload-time = "2026-01-08T19:12:11.694Z" },
    { url = "https://files.pythonhosted.org/packages/4e/02/bb3ff8b6e6d02ce9e3740f4c17dfbbfb55f34c789c139e9cd91985f356c7/ruff-0.14.11-py3-none-win32.whl", hash = "sha256:337c5dd11f16ee52ae217757d9b82a26400be7efac883e9e852646f1557ed841", size = 12851094, upload-time = "2026-01-08T19:11:45.163Z" },
    { url = "https://files.pythonhosted.org/packages/58/f1/90ddc533918d3a2ad628bc3044cdfc094949e6d4b929220c3f0eb8a1c998/ruff-0.14.11-py3-none-win_amd64.whl", hash = "sha256:f981cea63d08456b2c070e64b79cb62f951aa1305282974d4d5216e6e0178ae6", size = 14001379, upload-time = "2026-01-08T19:11:52.591Z" },
    { url = "https://files.pythonhosted.org/packages/c4/1c/1dbe51782c0e1e9cfce1d1004752672d2d4629ea46945d19d731ad772b3b/ruff-0.14.11-py3-none-win_arm64.whl", hash = "sha256:649fb6c9edd7f751db276ef42df1f3df41c38d67d199570ae2a7bd6cbc3590f0", size = 12938644, upload-time = "2026-01-08T19:11:50.027Z" },
]

[[package]]
name = "typing-extensions"
version = "4.15.0"
source = { registry = "https://pypi.org/simple" }
sdist = { url = "https://files.pythonhosted.org/packages/72/94/1a15dd82efb362ac84269196e94cf00f187f7ed21c242792a923cdb1c61f/typing_extensions-4.15.0.tar.gz", hash = "sha256:0cea48d173cc12fa28ecabc3b837ea3cf6f38c6d1136f85cbaaf598984861466", size = 109391, upload-time = "2025-08-25T13:49:26.313Z" }
wheels = [
    { url = "https://files.pythonhosted.org/packages/18/67/36e9267722cc04a6b9f15c7f3441c2363321a3ea07da7ae0c0707beb2a9c/typing_extensions-4.15.0-py3-none-any.whl", hash = "sha256:f0fa19c6845758ab08074a0cfa8b7aecb71c999ca73d62883bc25cc018c4e548", size = 44614, upload-time = "2025-08-25T13:49:24.86Z" },
]
