version = 1
revision = 3
requires-python = ">=3.14"

[[package]]
name = "capital-gains"
version = "0.1.0"
source = { editable = "." }

[package.dev-dependencies]
dev = [
    { name = "prek" },
    { name = "pytest" },
    { name = "pytest-cov" },
    { name = "ruff" },
    { name = "zuban" },
]

[package.metadata]

[package.metadata.requires-dev]
dev = [
    { name = "prek", specifier = ">=0.2.29" },
    { name = "pytest", specifier = ">=8.4.2" },
    { name = "pytest-cov", specifier = ">=7.0.0" },
    { name = "ruff", specifier = ">=0.13.2" },
    { name = "zuban", specifier = ">=0.6.2" },
]

[[package]]
name = "colorama"
version = "0.4.6"
source = { registry = "https://pypi.org/simple" }
sdist = { url = "https://files.pythonhosted.org/packages/d8/53/6f443c9a4a8358a93a6792e2acffb9d9d5cb0a5cfd8802644b7b1c9a02e4/colorama-0.4.6.tar.gz", hash = "sha256:08695f5cb7ed6e0531a20572697297273c47b8cae5a63ffc6d6ed5c201be6e44", size = 27697, upload-time = "2022-10-25T02:36:22.414Z" }
wheels = [
    { url = "https://files.pythonhosted.org/packages/d1/d6/3965ed04c63042e047cb6a3e6ed1a63a35087b6a609aa3a15ed8ac56c221/colorama-0.4.6-py2.py3-none-any.whl", hash = "sha256:4f1d9991f5acc0ca119f9d443620b77f9d6b33703e51011c16baf57afb285fc6", size = 25335, upload-time = "2022-10-25T02:36:20.889Z" },
]

[[package]]
name = "coverage"
version = "7.13.3"
source = { registry = "https://pypi.org/simple" }
sdist = { url = "https://files.pythonhosted.org/packages/11/43/3e4ac666cc35f231fa70c94e9f38459299de1a152813f9d2f60fc5f3ecaf/coverage-7.13.3.tar.gz", hash = "sha256:f7f6182d3dfb8802c1747eacbfe611b669455b69b7c037484bb1efbbb56711ac", size = 826832, upload-time = "2026-02-03T14:02:30.944Z" }
wheels = [
    { url = "https://files.pythonhosted.org/packages/5e/b3/677bb43427fed9298905106f39c6520ac75f746f81b8f01104526a8026e4/coverage-7.13.3-cp314-cp314-macosx_10_15_x86_64.whl", hash = "sha256:c6f6169bbdbdb85aab8ac0392d776948907267fcc91deeacf6f9d55f7a83ae3b", size = 219513, upload-time = "2026-02-03T14:01:34.29Z" },
    { url = "https://files.pythonhosted.org/packages/42/53/290046e3bbf8986cdb7366a42dab3440b9983711eaff044a51b11006c67b/coverage-7.13.3-cp314-cp314-macosx_11_0_arm64.whl", hash = "sha256:2f5e731627a3d5ef11a2a35aa0c6f7c435867c7ccbc391268eb4f2ca5dbdcc10", size = 219850, upload-time = "2026-02-03T14:01:35.984Z" },
    { url = "https://files.pythonhosted.org/packages/ea/2b/ab41f10345ba2e49d5e299be8663be2b7db33e77ac1b85cd0af985ea6406/coverage-7.13.3-cp314-cp314-manylinux1_i686.manylinux_2_28_i686.manylinux_2_5_i686.whl", hash = "sha256:9db3a3285d91c0b70fab9f39f0a4aa37d375873677efe4e71e58d8321e8c5d39", size = 250886, upload-time = "2026-02-03T14:01:38.287Z" },
    { url = "https://files.pythonhosted.org/packages/72/2d/b3f6913ee5a1d5cdd04106f257e5fac5d048992ffc2d9995d07b0f17739f/coverage-7.13.3-cp314-cp314-manylinux1_x86_64.manylinux_2_28_x86_64.manylinux_2_5_x86_64.whl", hash = "sha256:06e49c5897cb12e3f7ecdc111d44e97c4f6d0557b81a7a0204ed70a8b038f86f", size = 253393, upload-time = "2026-02-03T14:01:40.118Z" },
    { url = "https://files.pythonhosted.org/packages/f0/f6/b1f48810ffc6accf49a35b9943636560768f0812330f7456aa87dc39aff5/coverage-7.13.3-cp314-cp314-manylinux2014_aarch64.manylinux_2_17_aarch64.manylinux_2_28_aarch64.whl", hash = "sha256:fb25061a66802df9fc13a9ba1967d25faa4dae0418db469264fd9860a921dde4", size = 254740, upload-time = "2026-02-03T14:01:42.413Z" },
    { url = "https://files.pythonhosted.org/packages/57/d0/e59c54f9be0b61808f6bc4c8c4346bd79f02dd6bbc3f476ef26124661f20/coverage-7.13.3-cp314-cp314-manylinux_2_31_riscv64.manylinux_2_39_riscv64.whl", hash = "sha256:99fee45adbb1caeb914da16f70e557fb7ff6ddc9e4b14de665bd41af631367ef", size = 250905, upload-time = "2026-02-03T14:01:44.163Z" },
    { url = "https://files.pythonhosted.org/packages/d5/f7/5291bcdf498bafbee3796bb32ef6966e9915aebd4d0954123c8eae921c32/coverage-7.13.3-cp314-cp314-musllinux_1_2_aarch64.whl", hash = "sha256:318002f1fd819bdc1651c619268aa5bc853c35fa5cc6d1e8c96bd9cd6c828b75", size = 252753, upload-time = "2026-02-03T14:01:45.974Z" },
    { url = "https://files.pythonhosted.org/packages/a0/a9/1dcafa918c281554dae6e10ece88c1add82db685be123e1b05c2056ff3fb/coverage-7.13.3-cp314-cp314-musllinux_1_2_i686.whl", hash = "sha256:71295f2d1d170b9977dc386d46a7a1b7cbb30e5405492529b4c930113a33f895", size = 250716, upload-time = "2026-02-03T14:01:48.844Z" },
    { url = "https://files.pythonhosted.org/packages/44/bb/4ea4eabcce8c4f6235df6e059fbc5db49107b24c4bdffc44aee81aeca5a8/coverage-7.13.3-cp314-cp314-musllinux_1_2_riscv64.whl", hash = "sha256:5b1ad2e0dc672625c44bc4fe34514602a9fd8b10d52ddc414dc585f74453516c", size = 250530, upload-time = "2026-02-03T14:01:50.793Z" },
    { url = "https://files.pythonhosted.org/packages/6d/31/4a6c9e6a71367e6f923b27b528448c37f4e959b7e4029330523014691007/coverage-7.13.3-cp314-cp314-musllinux_1_2_x86_64.whl", hash = "sha256:b2beb64c145593a50d90db5c7178f55daeae129123b0d265bdb3cbec83e5194a", size = 252186, upload-time = "2026-02-03T14:01:52.607Z" },
    { url = "https://files.pythonhosted.org/packages/27/92/e1451ef6390a4f655dc42da35d9971212f7abbbcad0bdb7af4407897eb76/coverage-7.13.3-cp314-cp314-win32.whl", hash = "sha256:3d1aed4f4e837a832df2f3b4f68a690eede0de4560a2dbc214ea0bc55aabcdb4", size = 222253, upload-time = "2026-02-03T14:01:55.071Z" },
    { url = "https://files.pythonhosted.org/packages/8a/98/78885a861a88de020c32a2693487c37d15a9873372953f0c3c159d575a43/coverage-7.13.3-cp314-cp314-win_amd64.whl", hash = "sha256:9f9efbbaf79f935d5fbe3ad814825cbce4f6cdb3054384cb49f0c0f496125fa0", size = 223069, upload-time = "2026-02-03T14:01:56.95Z" },
    { url = "https://files.pythonhosted.org/packages/eb/fb/3784753a48da58a5337972abf7ca58b1fb0f1bda21bc7b4fae992fd28e47/coverage-7.13.3-cp314-cp314-win_arm64.whl", hash = "sha256:31b6e889c53d4e6687ca63706148049494aace140cffece1c4dc6acadb70a7b3", size = 221633, upload-time = "2026-02-03T14:01:58.758Z" },
    { url = "https://files.pythonhosted.org/packages/40/f9/75b732d9674d32cdbffe801ed5f770786dd1c97eecedef2125b0d25102dc/coverage-7.13.3-cp314-cp314t-macosx_10_15_x86_64.whl", hash = "sha256:c5e9787cec750793a19a28df7edd85ac4e49d3fb91721afcdc3b86f6c08d9aa8", size = 220243, upload-time = "2026-02-03T14:02:01.109Z" },
    { url = "https://files.pythonhosted.org/packages/cf/7e/2868ec95de5a65703e6f0c87407ea822d1feb3619600fbc3c1c4fa986090/coverage-7.13.3-cp314-cp314t-macosx_11_0_arm64.whl", hash = "sha256:e5b86db331c682fd0e4be7098e6acee5e8a293f824d41487c667a93705d415ca", size = 220515, upload-time = "2026-02-03T14:02:02.862Z" },
    { url = "https://files.pythonhosted.org/packages/7d/eb/9f0d349652fced20bcaea0f67fc5777bd097c92369f267975732f3dc5f45/coverage-7.13.3-cp314-cp314t-manylinux1_i686.manylinux_2_28_i686.manylinux_2_5_i686.whl", hash = "sha256:edc7754932682d52cf6e7a71806e529ecd5ce660e630e8bd1d37109a2e5f63ba", size = 261874, upload-time = "2026-02-03T14:02:04.727Z" },
    { url = "https://files.pythonhosted.org/packages/ee/a5/6619bc4a6c7b139b16818149a3e74ab2e21599ff9a7b6811b6afde99f8ec/coverage-7.13.3-cp314-cp314t-manylinux1_x86_64.manylinux_2_28_x86_64.manylinux_2_5_x86_64.whl", hash = "sha256:d3a16d6398666510a6886f67f43d9537bfd0e13aca299688a19daa84f543122f", size = 264004, upload-time = "2026-02-03T14:02:06.634Z" },
    { url = "https://files.pythonhosted.org/packages/29/b7/90aa3fc645a50c6f07881fca4fd0ba21e3bfb6ce3a7078424ea3a35c74c9/coverage-7.13.3-cp314-cp314t-manylinux2014_aarch64.manylinux_2_17_aarch64.manylinux_2_28_aarch64.whl", hash = "sha256:303d38b19626c1981e1bb067a9928236d88eb0e4479b18a74812f05a82071508", size = 266408, upload-time = "2026-02-03T14:02:09.037Z" },
    { url = "https://files.pythonhosted.org/packages/62/55/08bb2a1e4dcbae384e638f0effef486ba5987b06700e481691891427d879/coverage-7.13.3-cp314-cp314t-manylinux_2_31_riscv64.manylinux_2_39_riscv64.whl", hash = "sha256:284e06eadfe15ddfee2f4ee56631f164ef897a7d7d5a15bca5f0bb88889fc5ba", size = 260977, upload-time = "2026-02-03T14:02:11.755Z" },
    { url = "https://files.pythonhosted.org/packages/9b/76/8bd4ae055a42d8fb5dd2230e5cf36ff2e05f85f2427e91b11a27fea52ed7/coverage-7.13.3-cp314-cp314t-musllinux_1_2_aarch64.whl", hash = "sha256:d401f0864a1d3198422816878e4e84ca89ec1c1bf166ecc0ae01380a39b888cd", size = 263868, upload-time = "2026-02-03T14:02:13.565Z" },
    { url = "https://files.pythonhosted.org/packages/e3/f9/ba000560f11e9e32ec03df5aa8477242c2d95b379c99ac9a7b2e7fbacb1a/coverage-7.13.3-cp314-cp314t-musllinux_1_2_i686.whl", hash = "sha256:3f379b02c18a64de78c4ccdddf1c81c2c5ae1956c72dacb9133d7dd7809794ab", size = 261474, upload-time = "2026-02-03T14:02:16.069Z" },
    { url = "https://files.pythonhosted.org/packages/90/4b/4de4de8f9ca7af4733bfcf4baa440121b7dbb3856daf8428ce91481ff63b/coverage-7.13.3-cp314-cp314t-musllinux_1_2_riscv64.whl", hash = "sha256:7a482f2da9086971efb12daca1d6547007ede3674ea06e16d7663414445c683e", size = 260317, upload-time = "2026-02-03T14:02:17.996Z" },
    { url = "https://files.pythonhosted.org/packages/05/71/5cd8436e2c21410ff70be81f738c0dddea91bcc3189b1517d26e0102ccb3/coverage-7.13.3-cp314-cp314t-musllinux_1_2_x86_64.whl", hash = "sha256:562136b0d401992118d9b49fbee5454e16f95f85b120a4226a04d816e33fe024", size = 262635, upload-time = "2026-02-03T14:02:20.405Z" },
    { url = "https://files.pythonhosted.org/packages/e7/f8/2834bb45bdd70b55a33ec354b8b5f6062fc90e5bb787e14385903a979503/coverage-7.13.3-cp314-cp314t-win32.whl", hash = "sha256:ca46e5c3be3b195098dd88711890b8011a9fa4feca942292bb84714ce5eab5d3", size = 223035, upload-time = "2026-02-03T14:02:22.323Z" },
    { url = "https://files.pythonhosted.org/packages/26/75/f8290f0073c00d9ae14056d2b84ab92dff21d5370e464cb6cb06f52bf580/coverage-7.13.3-cp314-cp314t-win_amd64.whl", hash = "sha256:06d316dbb3d9fd44cca05b2dbcfbef22948493d63a1f28e828d43e6cc505fed8", size = 224142, upload-time = "2026-02-03T14:02:24.143Z" },
    { url = "https://files.pythonhosted.org/packages/03/01/43ac78dfea8946c4a9161bbc034b5549115cb2b56781a4b574927f0d141a/coverage-7.13.3-cp314-cp314t-win_arm64.whl", hash = "sha256:299d66e9218193f9dc6e4880629ed7c4cd23486005166247c283fb98531656c3", size = 222166, upload-time = "2026-02-03T14:02:26.005Z" },
    { url = "https://files.pythonhosted.org/packages/7d/fb/70af542d2d938c778c9373ce253aa4116dbe7c0a5672f78b2b2ae0e1b94b/coverage-7.13.3-py3-none-any.whl", hash = "sha256:90a8af9dba6429b2573199622d72e0ebf024d6276f16abce394ad4d181bb0910", size = 211237, upload-time = "2026-02-03T14:02:27.986Z" },
]

[[package]]
name = "iniconfig"
version = "2.3.0"
source = { registry = "https://pypi.org/simple" }
sdist = { url = "https://files.pythonhosted.org/packages/72/34/14ca021ce8e5dfedc35312d08ba8bf51fdd999c576889fc2c24cb97f4f10/iniconfig-2.3.0.tar.gz", hash = "sha256:c76315c77db068650d49c5b56314774a7804df16fee4402c1f19d6d15d8c4730", size = 20503, upload-time = "2025-10-18T21:55:43.219Z" }
wheels = [
    { url = "https://files.pythonhosted.org/packages/cb/b1/3846dd7f199d53cb17f49cba7e651e9ce294d8497c8c150530ed11865bb8/iniconfig-2.3.0-py3-none-any.whl", hash = "sha256:f631c04d2c48c52b84d0d0549c99ff3859c98df65b3101406327ecc7d53fbf12", size = 7484, upload-time = "2025-10-18T21:55:41.639Z" },
]

[[package]]
name = "packaging"
version = "26.0"
source = { registry = "https://pypi.org/simple" }
sdist = { url = "https://files.pythonhosted.org/packages/65/ee/299d360cdc32edc7d2cf530f3accf79c4fca01e96ffc950d8a52213bd8e4/packaging-26.0.tar.gz", hash = "sha256:00243ae351a257117b6a241061796684b084ed1c516a08c48a3f7e147a9d80b4", size = 143416, upload-time = "2026-01-21T20:50:39.064Z" }
wheels = [
    { url = "https://files.pythonhosted.org/packages/b7/b9/c538f279a4e237a006a2c98387d081e9eb060d203d8ed34467cc0f0b9b53/packaging-26.0-py3-none-any.whl", hash = "sha256:b36f1fef9334a5588b4166f8bcd26a14e521f2b55e6b9de3aaa80d3ff7a37529", size = 74366, upload-time = "2026-01-21T20:50:37.788Z" },
]

[[package]]
name = "pluggy"
version = "1.6.0"
source = { registry = "https://pypi.org/simple" }
sdist = { url = "https://files.pythonhosted.org/packages/f9/e2/3e91f31a7d2b083fe6ef3fa267035b518369d9511ffab804f839851d2779/pluggy-1.6.0.tar.gz", hash = "sha256:7dcc130b76258d33b90f61b658791dede3486c3e6bfb003ee5c9bfb396dd22f3", size = 69412, upload-time = "2025-05-15T12:30:07.975Z" }
wheels = [
    { url = "https://files.pythonhosted.org/packages/54/20/4d324d65cc6d9205fabedc306948156824eb9f0ee1633355a8f7ec5c66bf/pluggy-1.6.0-py3-none-any.whl", hash = "sha256:e920276dd6813095e9377c0bc5566d94c932c33b27a3e3945d8389c374dd4746", size = 20538, upload-time = "2025-05-15T12:30:06.134Z" },
]

[[package]]
name = "prek"
version = "0.3.3"
source = { registry = "https://pypi.org/simple" }
sdist = { url = "https://files.pythonhosted.org/packages/bf/f1/7613dc8347a33e40fc5b79eec6bc7d458d8bbc339782333d8433b665f86f/prek-0.3.3.tar.gz", hash = "sha256:117bd46ebeb39def24298ce021ccc73edcf697b81856fcff36d762dd56093f6f", size = 343697, upload-time = "2026-02-15T13:33:28.723Z" }
wheels = [
    { url = "https://files.pythonhosted.org/packages/2d/8b/dce13d2a3065fd1e8ffce593a0e51c4a79c3cde9c9a15dc0acc8d9d1573d/prek-0.3.3-py3-none-linux_armv6l.whl", hash = "sha256:e8629cac4bdb131be8dc6e5a337f0f76073ad34a8305f3fe2bc1ab6201ede0a4", size = 4644636, upload-time = "2026-02-15T13:33:43.609Z" },
    { url = "https://files.pythonhosted.org/packages/01/30/06ab4dbe7ce02a8ce833e92deb1d9a8e85ae9d40e33d1959a2070b7494c6/prek-0.3.3-py3-none-macosx_10_12_x86_64.whl", hash = "sha256:4b9e819b9e4118e1e785047b1c8bd9aec7e4d836ed034cb58b7db5bcaaf49437", size = 4651410, upload-time = "2026-02-15T13:33:34.277Z" },
    { url = "https://files.pythonhosted.org/packages/d4/fc/da3bc5cb38471e7192eda06b7a26b7c24ef83e82da2c1dbc145f2bf33640/prek-0.3.3-py3-none-macosx_11_0_arm64.whl", hash = "sha256:bf29db3b5657c083eb8444c25aadeeec5167dc492e9019e188f87932f01ea50a", size = 4273163, upload-time = "2026-02-15T13:33:42.106Z" },
    { url = "https://files.pythonhosted.org/packages/b4/74/47839395091e2937beced81a5dd2f8ea9c8239c853da8611aaf78ee21a8b/prek-0.3.3-py3-none-manylinux_2_17_aarch64.manylinux2014_aarch64.musllinux_1_1_aarch64.whl", hash = "sha256:ae09736149815b26e64a9d350ca05692bab32c2afdf2939114d3211aaad68a3e", size = 4631808, upload-time = "2026-02-15T13:33:20.076Z" },
    { url = "https://files.pythonhosted.org/packages/e2/89/3f5ef6f7c928c017cb63b029349d6bc03598ab7f6979d4a770ce02575f82/prek-0.3.3-py3-none-manylinux_2_17_armv7l.manylinux2014_armv7l.whl", hash = "sha256:856c2b55c51703c366bb4ce81c6a91102b70573a9fc8637db2ac61c66e4565f9", size = 4548959, upload-time = "2026-02-15T13:33:36.325Z" },
    { url = "https://files.pythonhosted.org/packages/b2/18/80002c4c4475f90ca025f27739a016927a0e5d905c60612fc95da1c56ab7/prek-0.3.3-py3-none-manylinux_2_17_i686.manylinux2014_i686.whl", hash = "sha256:3acdf13a018f685beaff0a71d4b0d2ccbab4eaa1aced6d08fd471c1a654183eb", size = 4862256, upload-time = "2026-02-15T13:33:37.754Z" },
    { url = "https://files.pythonhosted.org/packages/c5/25/648bf084c2468fa7cfcdbbe9e59956bbb31b81f36e113bc9107d80af26a7/prek-0.3.3-py3-none-manylinux_2_17_s390x.manylinux2014_s390x.whl", hash = "sha256:0f035667a8bd0a77b2bfa2b2e125da8cb1793949e9eeef0d8daab7f8ac8b57fe", size = 5404486, upload-time = "2026-02-15T13:33:39.239Z" },
    { url = "https://files.pythonhosted.org/packages/8b/43/261fb60a11712a327da345912bd8b338dc5a050199de800faafa278a6133/prek-0.3.3-py3-none-manylinux_2_17_x86_64.manylinux2014_x86_64.whl", hash = "sha256:d09b2ad14332eede441d977de08eb57fb3f61226ed5fd2ceb7aadf5afcdb6794", size = 4887513, upload-time = "2026-02-15T13:33:40.702Z" },
    { url = "https://files.pythonhosted.org/packages/c7/2c/581e757ee57ec6046b32e0ee25660fc734bc2622c319f57119c49c0cab58/prek-0.3.3-py3-none-manylinux_2_28_aarch64.whl", hash = "sha256:c0c3ffac16e37a9daba43a7e8316778f5809b70254be138761a8b5b9ef0df28e", size = 4632336, upload-time = "2026-02-15T13:33:25.867Z" },
    { url = "https://files.pythonhosted.org/packages/d5/d8/aa276ce5d11b77882da4102ca0cb7161095831105043ae7979bbfdcc3dc4/prek-0.3.3-py3-none-manylinux_2_31_riscv64.whl", hash = "sha256:a3dc7720b580c07c0386e17af2486a5b4bc2f6cc57034a288a614dcbc4abe555", size = 4679370, upload-time = "2026-02-15T13:33:22.247Z" },
    { url = "https://files.pythonhosted.org/packages/70/19/9d4fa7bde428e58d9f48a74290c08736d42aeb5690dcdccc7a713e34a449/prek-0.3.3-py3-none-musllinux_1_1_armv7l.whl", hash = "sha256:60e0fa15da5020a03df2ee40268145ec5b88267ec2141a205317ad4df8c992d6", size = 4540316, upload-time = "2026-02-15T13:33:24.088Z" },
    { url = "https://files.pythonhosted.org/packages/25/b5/973cce29257e0b47b16cc9b4c162772ea01dbb7c080791ea0c068e106e05/prek-0.3.3-py3-none-musllinux_1_1_i686.whl", hash = "sha256:553515da9586d9624dc42db32b744fdb91cf62b053753037a0cadb3c2d8d82a2", size = 4724566, upload-time = "2026-02-15T13:33:29.832Z" },
    { url = "https://files.pythonhosted.org/packages/d6/8b/ad8b2658895a8ed2b0bc630bf38686fe38b7ff2c619c58953a80e4de3048/prek-0.3.3-py3-none-musllinux_1_1_x86_64.whl", hash = "sha256:9512cf370e0d1496503463a4a65621480efb41b487841a9e9ff1661edf14b238", size = 4995072, upload-time = "2026-02-15T13:33:27.417Z" },
    { url = "https://files.pythonhosted.org/packages/fd/b7/0540c101c00882adb9d30319d22d8f879413598269ecc60235e41875efd4/prek-0.3.3-py3-none-win32.whl", hash = "sha256:b2b328c7c6dc14ccdc79785348589aa39850f47baff33d8f199f2dee80ff774c", size = 4293144, upload-time = "2026-02-15T13:33:46.013Z" },
    { url = "https://files.pythonhosted.org/packages/97/c7/e4f11da653093040efba2d835aa0995d78940aea30887287aeaebe34a545/prek-0.3.3-py3-none-win_amd64.whl", hash = "sha256:3d7d7acf7ca8db65ba0943c52326c898f84bab0b1c26a35c87e0d177f574ca5f", size = 4652761, upload-time = "2026-02-15T13:33:32.962Z" },
    { url = "https://files.pythonhosted.org/packages/11/e4/d99dec54c6a5fb2763488bff6078166383169a93f3af27d2edae88379a39/prek-0.3.3-py3-none-win_arm64.whl", hash = "sha256:8aa87ee7628cd74482c0dd6537a3def1f162b25cd642d78b1b35dd3e81817f60", size = 4367520, upload-time = "2026-02-15T13:33:31.664Z" },
]

[[package]]
name = "pygments"
version = "2.19.2"
source = { registry = "https://pypi.org/simple" }
sdist = { url = "https://files.pythonhosted.org/packages/b0/77/a5b8c569bf593b0140bde72ea885a803b82086995367bf2037de0159d924/pygments-2.19.2.tar.gz", hash = "sha256:636cb2477cec7f8952536970bc533bc43743542f70392ae026374600add5b887", size = 4968631, upload-time = "2025-06-21T13:39:12.283Z" }
wheels = [
    { url = "https://files.pythonhosted.org/packages/c7/21/705964c7812476f378728bdf590ca4b771ec72385c533964653c68e86bdc/pygments-2.19.2-py3-none-any.whl", hash = "sha256:86540386c03d588bb81d44bc3928634ff26449851e99741617ecb9037ee5ec0b", size = 1225217, upload-time = "2025-06-21T13:39:07.939Z" },
]

[[package]]
name = "pytest"
version = "9.0.2"
source = { registry = "https://pypi.org/simple" }
dependencies = [
    { name = "colorama", marker = "sys_platform == 'win32'" },
    { name = "iniconfig" },
    { name = "packaging" },
    { name = "pluggy" },
    { name = "pygments" },
]
sdist = { url = "https://files.pythonhosted.org/packages/d1/db/7ef3487e0fb0049ddb5ce41d3a49c235bf9ad299b6a25d5780a89f19230f/pytest-9.0.2.tar.gz", hash = "sha256:75186651a92bd89611d1d9fc20f0b4345fd827c41ccd5c299a868a05d70edf11", size = 1568901, upload-time = "2025-12-06T21:30:51.014Z" }
wheels = [
    { url = "https://files.pythonhosted.org/packages/3b/ab/b3226f0bd7cdcf710fbede2b3548584366da3b19b5021e74f5bde2a8fa3f/pytest-9.0.2-py3-none-any.whl", hash = "sha256:711ffd45bf766d5264d487b917733b453d917afd2b0ad65223959f59089f875b", size = 374801, upload-time = "2025-12-06T21:30:49.154Z" },
]

[[package]]
name = "pytest-cov"
version = "7.0.0"
source = { registry = "https://pypi.org/simple" }
dependencies = [
    { name = "coverage" },
    { name = "pluggy" },
    { name = "pytest" },
]
sdist = { url = "https://files.pythonhosted.org/packages/5e/f7/c933acc76f5208b3b00089573cf6a2bc26dc80a8aece8f52bb7d6b1855ca/pytest_cov-7.0.0.tar.gz", hash = "sha256:33c97eda2e049a0c5298e91f519302a1334c26ac65c1a483d6206fd458361af1", size = 54328, upload-time = "2025-09-09T10:57:02.113Z" }
wheels = [
    { url = "https://files.pythonhosted.org/packages/ee/49/1377b49de7d0c1ce41292161ea0f721913fa8722c19fb9c1e3aa0367eecb/pytest_cov-7.0.0-py3-none-any.whl", hash = "sha256:3b8e9558b16cc1479da72058bdecf8073661c7f57f7d3c5f22a1c23507f2d861", size = 22424, upload-time = "2025-09-09T10:57:00.695Z" },
]

[[package]]
name = "ruff"
version = "0.15.7"
source = { registry = "https://pypi.org/simple" }
sdist = { url = "https://files.pythonhosted.org/packages/a1/22/9e4f66ee588588dc6c9af6a994e12d26e19efbe874d1a909d09a6dac7a59/ruff-0.15.7.tar.gz", hash = "sha256:04f1ae61fc20fe0b148617c324d9d009b5f63412c0b16474f3d5f1a1a665f7ac", size = 4601277, upload-time = "2026-03-19T16:26:22.605Z" }
wheels = [
    { url = "https://files.pythonhosted.org/packages/41/2f/0b08ced94412af091807b6119ca03755d651d3d93a242682bf020189db94/ruff-0.15.7-py3-none-linux_armv6l.whl", hash = "sha256:a81cc5b6910fb7dfc7c32d20652e50fa05963f6e13ead3c5915c41ac5d16668e", size = 10489037, upload-time = "2026-03-19T16:26:32.47Z" },
    { url = "https://files.pythonhosted.org/packages/91/4a/82e0fa632e5c8b1eba5ee86ecd929e8ff327bbdbfb3c6ac5d81631bef605/ruff-0.15.7-py3-none-macosx_10_12_x86_64.whl", hash = "sha256:722d165bd52403f3bdabc0ce9e41fc47070ac56d7a91b4e0d097b516a53a3477", size = 10955433, upload-time = "2026-03-19T16:27:00.205Z" },
    { url = "https://files.pythonhosted.org/packages/ab/10/12586735d0ff42526ad78c049bf51d7428618c8b5c467e72508c694119df/ruff-0.15.7-py3-none-macosx_11_0_arm64.whl", hash = "sha256:7fbc2448094262552146cbe1b9643a92f66559d3761f1ad0656d4991491af49e", size = 10269302, upload-time = "2026-03-19T16:26:26.183Z" },
    { url = "https://files.pythonhosted.org/packages/eb/5d/32b5c44ccf149a26623671df49cbfbd0a0ae511ff3df9d9d2426966a8d57/ruff-0.15.7-py3-none-manylinux_2_17_aarch64.manylinux2014_aarch64.whl", hash = "sha256:6b39329b60eba44156d138275323cc726bbfbddcec3063da57caa8a8b1d50adf", size = 10607625, upload-time = "2026-03-19T16:27:03.263Z" },
    { url = "https://files.pythonhosted.org/packages/5d/f1/f0001cabe86173aaacb6eb9bb734aa0605f9a6aa6fa7d43cb49cbc4af9c9/ruff-0.15.7-py3-none-manylinux_2_17_armv7l.manylinux2014_armv7l.whl", hash = "sha256:87768c151808505f2bfc93ae44e5f9e7c8518943e5074f76ac21558ef5627c85", size = 10324743, upload-time = "2026-03-19T16:27:09.791Z" },
    { url = "https://files.pythonhosted.org/packages/7a/87/b8a8f3d56b8d848008559e7c9d8bf367934d5367f6d932ba779456e2f73b/ruff-0.15.7-py3-none-manylinux_2_17_i686.manylinux2014_i686.whl", hash = "sha256:fb0511670002c6c529ec66c0e30641c976c8963de26a113f3a30456b702468b0", size = 11138536, upload-time = "2026-03-19T16:27:06.101Z" },
    { url = "https://files.pythonhosted.org/packages/e4/f2/4fd0d05aab0c5934b2e1464784f85ba2eab9d54bffc53fb5430d1ed8b829/ruff-0.15.7-py3-none-manylinux_2_17_ppc64le.manylinux2014_ppc64le.whl", hash = "sha256:e0d19644f801849229db8345180a71bee5407b429dd217f853ec515e968a6912", size = 11994292, upload-time = "2026-03-19T16:26:48.718Z" },
    { url = "https://files.pythonhosted.org/packages/64/22/fc4483871e767e5e95d1622ad83dad5ebb830f762ed0420fde7dfa9d9b08/ruff-0.15.7-py3-none-manylinux_2_17_s390x.manylinux2014_s390x.whl", hash = "sha256:4806d8e09ef5e84eb19ba833d0442f7e300b23fe3f0981cae159a248a10f0036", size = 11398981, upload-time = "2026-03-19T16:26:54.513Z" },
    { url = "https://files.pythonhosted.org/packages/b0/99/66f0343176d5eab02c3f7fcd2de7a8e0dd7a41f0d982bee56cd1c24db62b/ruff-0.15.7-py3-none-manylinux_2_17_x86_64.manylinux2014_x86_64.whl", hash = "sha256:dce0896488562f09a27b9c91b1f58a097457143931f3c4d519690dea54e624c5", size = 11242422, upload-time = "2026-03-19T16:26:29.277Z" },
    { url = "https://files.pythonhosted.org/packages/5d/3a/a7060f145bfdcce4c987ea27788b30c60e2c81d6e9a65157ca8afe646328/ruff-0.15.7-py3-none-manylinux_2_31_riscv64.whl", hash = "sha256:1852ce241d2bc89e5dc823e03cff4ce73d816b5c6cdadd27dbfe7b03217d2a12", size = 11232158, upload-time = "2026-03-19T16:26:42.321Z" },
    { url = "https://files.pythonhosted.org/packages/a7/53/90fbb9e08b29c048c403558d3cdd0adf2668b02ce9d50602452e187cd4af/ruff-0.15.7-py3-none-musllinux_1_2_aarch64.whl", hash = "sha256:5f3e4b221fb4bd293f79912fc5e93a9063ebd6d0dcbd528f91b89172a9b8436c", size = 10577861, upload-time = "2026-03-19T16:26:57.459Z" },
    { url = "https://files.pythonhosted.org/packages/2f/aa/5f486226538fe4d0f0439e2da1716e1acf895e2a232b26f2459c55f8ddad/ruff-0.15.7-py3-none-musllinux_1_2_armv7l.whl", hash = "sha256:b15e48602c9c1d9bdc504b472e90b90c97dc7d46c7028011ae67f3861ceba7b4", size = 10327310, upload-time = "2026-03-19T16:26:35.909Z" },
    { url = "https://files.pythonhosted.org/packages/99/9e/271afdffb81fe7bfc8c43ba079e9d96238f674380099457a74ccb3863857/ruff-0.15.7-py3-none-musllinux_1_2_i686.whl", hash = "sha256:1b4705e0e85cedc74b0a23cf6a179dbb3df184cb227761979cc76c0440b5ab0d", size = 10840752, upload-time = "2026-03-19T16:26:45.723Z" },
    { url = "https://files.pythonhosted.org/packages/bf/29/a4ae78394f76c7759953c47884eb44de271b03a66634148d9f7d11e721bd/ruff-0.15.7-py3-none-musllinux_1_2_x86_64.whl", hash = "sha256:112c1fa316a558bb34319282c1200a8bf0495f1b735aeb78bfcb2991e6087580", size = 11336961, upload-time = "2026-03-19T16:26:39.076Z" },
    { url = "https://files.pythonhosted.org/packages/26/6b/8786ba5736562220d588a2f6653e6c17e90c59ced34a2d7b512ef8956103/ruff-0.15.7-py3-none-win32.whl", hash = "sha256:6d39e2d3505b082323352f733599f28169d12e891f7dd407f2d4f54b4c2886de", size = 10582538, upload-time = "2026-03-19T16:26:15.992Z" },
    { url = "https://files.pythonhosted.org/packages/2b/e9/346d4d3fffc6871125e877dae8d9a1966b254fbd92a50f8561078b88b099/ruff-0.15.7-py3-none-win_amd64.whl", hash = "sha256:4d53d712ddebcd7dace1bc395367aec12c057aacfe9adbb6d832302575f4d3a1", size = 11755839, upload-time = "2026-03-19T16:26:19.897Z" },
    { url = "https://files.pythonhosted.org/packages/8f/e8/726643a3ea68c727da31570bde48c7a10f1aa60eddd628d94078fec586ff/ruff-0.15.7-py3-none-win_arm64.whl", hash = "sha256:18e8d73f1c3fdf27931497972250340f92e8c861722161a9caeb89a58ead6ed2", size = 11023304, upload-time = "2026-03-19T16:26:51.669Z" },
]

[[package]]
name = "zuban"
version = "0.6.2"
source = { registry = "https://pypi.org/simple" }
wheels = [
    { url = "https://files.pythonhosted.org/packages/10/29/2d9f68f875155dfc58cb2542bad9bce60c680bf77b883a17cefd2c7b1399/zuban-0.6.2-py3-none-macosx_10_12_x86_64.whl", hash = "sha256:392a24f4542b36e06b6ea8ff8a66b9bcf073fac380f6fedf5ead6d239a089b1b", size = 11274171, upload-time = "2026-03-16T23:11:13.516Z" },
    { url = "https://files.pythonhosted.org/packages/0f/83/77cf8a9568e21653c79ca6acbd35575ef3bc82251d1f604bb4c32bea98df/zuban-0.6.2-py3-none-macosx_11_0_arm64.whl", hash = "sha256:5637981d19c503325bc2fd24b92af218733ee618de2f5217fa2523ca918b3a88", size = 10985794, upload-time = "2026-03-16T23:11:17.828Z" },
    { url = "https://files.pythonhosted.org/packages/23/22/2f7579439acbea7a28d8bbeb361225ddb9502406a892da9a94e73fadd522/zuban-0.6.2-py3-none-manylinux_2_17_aarch64.manylinux2014_aarch64.whl", hash = "sha256:8097a716499ff7b3ac927b8e4c5425b9cfff5cd0b4e644a03e24d1a7c625d048", size = 28440118, upload-time = "2026-03-16T23:11:21.496Z" },
    { url = "https://files.pythonhosted.org/packages/03/1f/e714bbbf1783b76687a39c1ed7764b96c395221c103be91c0b63a4e249da/zuban-0.6.2-py3-none-manylinux_2_17_armv7l.manylinux2014_armv7l.whl", hash = "sha256:ecf4b0c0e682f76f6403d68457d9085cc01dbbc56d402d925d931e82b36d9b5f", size = 28715022, upload-time = "2026-03-16T23:11:25.409Z" },
    { url = "https://files.pythonhosted.org/packages/24/b0/cd98c1c2797353a9fd8d10393ba018255e18a23ba47f505a538c32ea923c/zuban-0.6.2-py3-none-manylinux_2_17_i686.manylinux2014_i686.whl", hash = "sha256:2b1488ed63733d813d9be81b0c2bc888a329b31c4a03cb2cf462c7f0db052fef", size = 29943854, upload-time = "2026-03-16T23:11:29.391Z" },
    { url = "https://files.pythonhosted.org/packages/70/ee/d1ddcf7e7ea098eb33cc1d5b6b38a2688375f27207bdc80929a3abb8251e/zuban-0.6.2-py3-none-manylinux_2_17_x86_64.manylinux2014_x86_64.whl", hash = "sha256:e5b48be20d805b41ac224feeabd1b421a53e55b6cc10f2f3011139c1f625c583", size = 30939082, upload-time = "2026-03-16T23:11:34.003Z" },
    { url = "https://files.pythonhosted.org/packages/fb/45/c477ee9e281a334cfe7cf0375e1cf5e0433e80ade4cc7165ff9a9b756256/zuban-0.6.2-py3-none-musllinux_1_2_aarch64.whl", hash = "sha256:14d30ece874c9ca5b99ef57064b778edc834404e9d350af0c54eaf36d7eb6396", size = 28712077, upload-time = "2026-03-16T23:11:37.711Z" },
    { url = "https://files.pythonhosted.org/packages/ab/df/a962d8aacaf177356bfd698418d10a12fddd8d1c300e5cbd994ff62f80c2/zuban-0.6.2-py3-none-musllinux_1_2_armv7l.whl", hash = "sha256:3c144cd9436d39a3bebe50302c2eb600be403d22a85ae3ef41f061768e96d17e", size = 29336825, upload-time = "2026-03-16T23:11:41.965Z" },
    { url = "https://files.pythonhosted.org/packages/bd/35/09450daba51442632b51b70ef95a94356482fcfdd0127e70ed0f45be2a83/zuban-0.6.2-py3-none-musllinux_1_2_i686.whl", hash = "sha256:ff52b183e752646baea76c0fb1e06e247c47e437d0d37f1386e07504dc2e4c29", size = 30047009, upload-time = "2026-03-16T23:11:46.796Z" },
    { url = "https://files.pythonhosted.org/packages/a4/73/796d8e3789dadc84020a7a67d65cf13facca9807d40852adae8041032f41/zuban-0.6.2-py3-none-musllinux_1_2_x86_64.whl", hash = "sha256:0e265fb4c38efc78e4ed79dc1b9b7adb034d70fa51f963c9ac609af1fbe2f855", size = 29316703, upload-time = "2026-03-16T23:11:50.81Z" },
    { url = "https://files.pythonhosted.org/packages/ea/2a/508617bda8277472cf403ecb73ae3b9227820dc2ff2a3a023eaed8512d5b/zuban-0.6.2-py3-none-win32.whl", hash = "sha256:4a129511f9f6080ba7d4153f111b5e6c2214a3eef945730ce466658903c324b8", size = 9742656, upload-time = "2026-03-16T23:11:54.231Z" },
    { url = "https://files.pythonhosted.org/packages/d0/25/dae184c1b6d7fbdc43e906254fef2577d23899669b58de865fcb0fe150f5/zuban-0.6.2-py3-none-win_amd64.whl", hash = "sha256:7db193c8b1456977ca2dfa2291c93a376e17f465a69018a06d0ecc8655464fff", size = 10464125, upload-time = "2026-03-16T23:11:57.267Z" },
]
